
Microsoft Visual Studio Solution File, Format Version 12.00
# Visual Studio Version 16
VisualStudioVersion = 16.0.29411.108
MinimumVisualStudioVersion = 10.0.40219.1
Project("{9A19103F-16F7-4668-BE54-9A1E7A4F7556}") = "ProjectManagementSystem", "ProjectManagementSystem\ProjectManagementSystem.csproj", "{50FB913C-16D5-43AC-9A32-BDE2A31BFCDD}"
EndProject
Project("{FAE04EC0-301F-11D3-BF4B-00C04F79EFBC}") = "ProjectManagementSystem.Test", "ProjectManagementSystem.Test\ProjectManagementSystem.Test.csproj", "{250E52E3-D0F2-47E5-9A81-E4127877A383}"
EndProject
Global
	GlobalSection(SolutionConfigurationPlatforms) = preSolution
		Debug|Any CPU = Debug|Any CPU
		Release|Any CPU = Release|Any CPU
	EndGlobalSection
	GlobalSection(ProjectConfigurationPlatforms) = postSolution
		{50FB913C-16D5-43AC-9A32-BDE2A31BFCDD}.Debug|Any CPU.ActiveCfg = Debug|Any CPU
		{50FB913C-16D5-43AC-9A32-BDE2A31BFCDD}.Debug|Any CPU.Build.0 = Debug|Any CPU
		{50FB913C-16D5-43AC-9A32-BDE2A31BFCDD}.Release|Any CPU.ActiveCfg = Release|Any CPU
		{50FB913C-16D5-43AC-9A32-BDE2A31BFCDD}.Release|Any CPU.Build.0 = Release|Any CPU
		{250E52E3-D0F2-47E5-9A81-E4127877A383}.Debug|Any CPU.ActiveCfg = Debug|Any CPU
		{250E52E3-D0F2-47E5-9A81-E4127877A383}.Debug|Any CPU.Build.0 = Debug|Any CPU
		{250E52E3-D0F2-47E5-9A81-E4127877A383}.Release|Any CPU.ActiveCfg = Release|Any CPU
		{250E52E3-D0F2-47E5-9A81-E4127877A383}.Release|Any CPU.Build.0 = Release|Any CPU
	EndGlobalSection
	GlobalSection(SolutionProperties) = preSolution
		HideSolutionNode = FALSE
	EndGlobalSection
	GlobalSection(ExtensibilityGlobals) = postSolution
		SolutionGuid = {5967880B-F97B-416A-8EC9-43746A885D53}
	EndGlobalSection
EndGlobal
